// !$*UTF8*$!
{
	archiveVersion = 1;
	classes = {
	};
	objectVersion = 48;
	objects = {

/* Begin PBXBuildFile section */
		EB2A55632053EB4B00F10BFE /* Server.m in Sources */ = {isa = PBXBuildFile; fileRef = EB2A55622053EB4B00F10BFE /* Server.m */; };
		EB2A556620540AD400F10BFE /* Global.m in Sources */ = {isa = PBXBuildFile; fileRef = EB2A556520540AD400F10BFE /* Global.m */; };
		EB3F03B5204DD5A60065EB14 /* Base.m in Sources */ = {isa = PBXBuildFile; fileRef = EB3F03B4204DD5A60065EB14 /* Base.m */; };
		EB3F03B8204DD9230065EB14 /* Minibuffer.m in Sources */ = {isa = PBXBuildFile; fileRef = EB3F03B7204DD9230065EB14 /* Minibuffer.m */; };
		EB4AE9022038649500A4F82A /* main.m in Sources */ = {isa = PBXBuildFile; fileRef = EB4AE9012038649500A4F82A /* main.m */; };
		EB51EC91219329D9003C6FFD /* Window.m in Sources */ = {isa = PBXBuildFile; fileRef = EB51EC90219329D9003C6FFD /* Window.m */; };
		EB582F8421BBED6000A63FD3 /* NSStringAdditions.m in Sources */ = {isa = PBXBuildFile; fileRef = EB582F8221BBED6000A63FD3 /* NSStringAdditions.m */; };
		EB582F8521BBED6000A63FD3 /* NSData+Base64.m in Sources */ = {isa = PBXBuildFile; fileRef = EB582F8321BBED6000A63FD3 /* NSData+Base64.m */; };
		EB582F8821BBEFC800A63FD3 /* XMLRPCDefaultEncoder.m in Sources */ = {isa = PBXBuildFile; fileRef = EB582F8721BBEFC800A63FD3 /* XMLRPCDefaultEncoder.m */; };
		EB582F8D21BBF36800A63FD3 /* XMLRPCRequest.m in Sources */ = {isa = PBXBuildFile; fileRef = EB582F8C21BBF36800A63FD3 /* XMLRPCRequest.m */; };
		EB6876842057E9B70098FB5B /* NextApplicationDelegate.m in Sources */ = {isa = PBXBuildFile; fileRef = EB6876832057E9B70098FB5B /* NextApplicationDelegate.m */; };
		EB687687205964F50098FB5B /* AutokeyDictionary.m in Sources */ = {isa = PBXBuildFile; fileRef = EB687686205964F50098FB5B /* AutokeyDictionary.m */; };
		EBB1A1DD204750390056B075 /* Buffer.m in Sources */ = {isa = PBXBuildFile; fileRef = EBB1A1DC204750390056B075 /* Buffer.m */; };
		EBBFBB65206813150033996B /* NextApplication.m in Sources */ = {isa = PBXBuildFile; fileRef = EBBFBB64206813150033996B /* NextApplication.m */; };
		EBD9FD9021A86EF5000B2486 /* libxmlrpc_abyss.3.39.dylib in Frameworks */ = {isa = PBXBuildFile; fileRef = EBD9FD8F21A86EF5000B2486 /* libxmlrpc_abyss.3.39.dylib */; };
		EBD9FD9421A86F82000B2486 /* libxmlrpc_server_abyss.3.39.dylib in Frameworks */ = {isa = PBXBuildFile; fileRef = EBD9FD9321A86F82000B2486 /* libxmlrpc_server_abyss.3.39.dylib */; };
		EBD9FD9621A86F9D000B2486 /* libxmlrpc_client.3.39.dylib in Frameworks */ = {isa = PBXBuildFile; fileRef = EBD9FD9521A86F9D000B2486 /* libxmlrpc_client.3.39.dylib */; };
		EBD9FD9821A86FB5000B2486 /* libxmlrpc.3.39.dylib in Frameworks */ = {isa = PBXBuildFile; fileRef = EBD9FD9721A86FB5000B2486 /* libxmlrpc.3.39.dylib */; };
		EBD9FD9A21A86FDC000B2486 /* libxmlrpc_packetsocket.8.39.dylib in Frameworks */ = {isa = PBXBuildFile; fileRef = EBD9FD9921A86FDC000B2486 /* libxmlrpc_packetsocket.8.39.dylib */; };
		EBD9FD9C21A86FE7000B2486 /* libxmlrpc_xmltok.3.39.dylib in Frameworks */ = {isa = PBXBuildFile; fileRef = EBD9FD9B21A86FE7000B2486 /* libxmlrpc_xmltok.3.39.dylib */; };
		EBD9FD9E21A86FF1000B2486 /* libxmlrpc_xmlparse.3.39.dylib in Frameworks */ = {isa = PBXBuildFile; fileRef = EBD9FD9D21A86FF1000B2486 /* libxmlrpc_xmlparse.3.39.dylib */; };
		EBD9FDA021A86FFB000B2486 /* libxmlrpc_util.3.39.dylib in Frameworks */ = {isa = PBXBuildFile; fileRef = EBD9FD9F21A86FFB000B2486 /* libxmlrpc_util.3.39.dylib */; };
		EBD9FDA221A87005000B2486 /* libxmlrpc_server.3.39.dylib in Frameworks */ = {isa = PBXBuildFile; fileRef = EBD9FDA121A87005000B2486 /* libxmlrpc_server.3.39.dylib */; };
		EBD9FDA421A8700F000B2486 /* libxmlrpc_server_cgi.3.39.dylib in Frameworks */ = {isa = PBXBuildFile; fileRef = EBD9FDA321A8700F000B2486 /* libxmlrpc_server_cgi.3.39.dylib */; };
		EBF73B1921BB25AD0065B745 /* argparse.c in Sources */ = {isa = PBXBuildFile; fileRef = EBF73B1721BB25AC0065B745 /* argparse.c */; };
/* End PBXBuildFile section */

/* Begin PBXCopyFilesBuildPhase section */
		EB4AE8FC2038649500A4F82A /* CopyFiles */ = {
			isa = PBXCopyFilesBuildPhase;
			buildActionMask = 2147483647;
			dstPath = /usr/share/man/man1/;
			dstSubfolderSpec = 0;
			files = (
			);
			runOnlyForDeploymentPostprocessing = 1;
		};
/* End PBXCopyFilesBuildPhase section */

/* Begin PBXFileReference section */
		EB2A55612053EB4B00F10BFE /* Server.h */ = {isa = PBXFileReference; lastKnownFileType = sourcecode.c.h; path = Server.h; sourceTree = "<group>"; };
		EB2A55622053EB4B00F10BFE /* Server.m */ = {isa = PBXFileReference; lastKnownFileType = sourcecode.c.objc; path = Server.m; sourceTree = "<group>"; };
		EB2A556420540AD400F10BFE /* Global.h */ = {isa = PBXFileReference; lastKnownFileType = sourcecode.c.h; path = Global.h; sourceTree = "<group>"; };
		EB2A556520540AD400F10BFE /* Global.m */ = {isa = PBXFileReference; lastKnownFileType = sourcecode.c.objc; path = Global.m; sourceTree = "<group>"; };
		EB3F03B3204DD5A60065EB14 /* Base.h */ = {isa = PBXFileReference; lastKnownFileType = sourcecode.c.h; path = Base.h; sourceTree = "<group>"; };
		EB3F03B4204DD5A60065EB14 /* Base.m */ = {isa = PBXFileReference; lastKnownFileType = sourcecode.c.objc; path = Base.m; sourceTree = "<group>"; };
		EB3F03B6204DD9230065EB14 /* Minibuffer.h */ = {isa = PBXFileReference; lastKnownFileType = sourcecode.c.h; path = Minibuffer.h; sourceTree = "<group>"; };
		EB3F03B7204DD9230065EB14 /* Minibuffer.m */ = {isa = PBXFileReference; lastKnownFileType = sourcecode.c.objc; path = Minibuffer.m; sourceTree = "<group>"; };
		EB4AE8FE2038649500A4F82A /* cocoa-webkit */ = {isa = PBXFileReference; explicitFileType = "compiled.mach-o.executable"; includeInIndex = 0; path = "cocoa-webkit"; sourceTree = BUILT_PRODUCTS_DIR; };
		EB4AE9012038649500A4F82A /* main.m */ = {isa = PBXFileReference; lastKnownFileType = sourcecode.c.objc; path = main.m; sourceTree = "<group>"; };
		EB51EC8F219329D9003C6FFD /* Window.h */ = {isa = PBXFileReference; lastKnownFileType = sourcecode.c.h; path = Window.h; sourceTree = "<group>"; };
		EB51EC90219329D9003C6FFD /* Window.m */ = {isa = PBXFileReference; lastKnownFileType = sourcecode.c.objc; path = Window.m; sourceTree = "<group>"; };
		EB582F8021BBED6000A63FD3 /* NSData+Base64.h */ = {isa = PBXFileReference; fileEncoding = 4; lastKnownFileType = sourcecode.c.h; path = "NSData+Base64.h"; sourceTree = "<group>"; };
		EB582F8121BBED6000A63FD3 /* NSStringAdditions.h */ = {isa = PBXFileReference; fileEncoding = 4; lastKnownFileType = sourcecode.c.h; path = NSStringAdditions.h; sourceTree = "<group>"; };
		EB582F8221BBED6000A63FD3 /* NSStringAdditions.m */ = {isa = PBXFileReference; fileEncoding = 4; lastKnownFileType = sourcecode.c.objc; path = NSStringAdditions.m; sourceTree = "<group>"; };
		EB582F8321BBED6000A63FD3 /* NSData+Base64.m */ = {isa = PBXFileReference; fileEncoding = 4; lastKnownFileType = sourcecode.c.objc; path = "NSData+Base64.m"; sourceTree = "<group>"; };
		EB582F8721BBEFC800A63FD3 /* XMLRPCDefaultEncoder.m */ = {isa = PBXFileReference; fileEncoding = 4; lastKnownFileType = sourcecode.c.objc; path = XMLRPCDefaultEncoder.m; sourceTree = "<group>"; };
		EB582F8921BBEFD300A63FD3 /* XMLRPCDefaultEncoder.h */ = {isa = PBXFileReference; lastKnownFileType = sourcecode.c.h; path = XMLRPCDefaultEncoder.h; sourceTree = "<group>"; };
		EB582F8A21BBF02700A63FD3 /* XMLRPCEncoder.h */ = {isa = PBXFileReference; lastKnownFileType = sourcecode.c.h; path = XMLRPCEncoder.h; sourceTree = "<group>"; };
		EB582F8B21BBF36800A63FD3 /* XMLRPCRequest.h */ = {isa = PBXFileReference; fileEncoding = 4; lastKnownFileType = sourcecode.c.h; path = XMLRPCRequest.h; sourceTree = "<group>"; };
		EB582F8C21BBF36800A63FD3 /* XMLRPCRequest.m */ = {isa = PBXFileReference; fileEncoding = 4; lastKnownFileType = sourcecode.c.objc; path = XMLRPCRequest.m; sourceTree = "<group>"; };
		EB6876822057E9B70098FB5B /* NextApplicationDelegate.h */ = {isa = PBXFileReference; lastKnownFileType = sourcecode.c.h; path = NextApplicationDelegate.h; sourceTree = "<group>"; };
		EB6876832057E9B70098FB5B /* NextApplicationDelegate.m */ = {isa = PBXFileReference; lastKnownFileType = sourcecode.c.objc; path = NextApplicationDelegate.m; sourceTree = "<group>"; };
		EB687685205964F50098FB5B /* AutokeyDictionary.h */ = {isa = PBXFileReference; lastKnownFileType = sourcecode.c.h; path = AutokeyDictionary.h; sourceTree = "<group>"; };
		EB687686205964F50098FB5B /* AutokeyDictionary.m */ = {isa = PBXFileReference; lastKnownFileType = sourcecode.c.objc; path = AutokeyDictionary.m; sourceTree = "<group>"; };
		EBB1A1DB204750390056B075 /* Buffer.h */ = {isa = PBXFileReference; lastKnownFileType = sourcecode.c.h; path = Buffer.h; sourceTree = "<group>"; };
		EBB1A1DC204750390056B075 /* Buffer.m */ = {isa = PBXFileReference; lastKnownFileType = sourcecode.c.objc; path = Buffer.m; sourceTree = "<group>"; };
		EBBFBB63206813150033996B /* NextApplication.h */ = {isa = PBXFileReference; lastKnownFileType = sourcecode.c.h; path = NextApplication.h; sourceTree = "<group>"; };
		EBBFBB64206813150033996B /* NextApplication.m */ = {isa = PBXFileReference; lastKnownFileType = sourcecode.c.objc; path = NextApplication.m; sourceTree = "<group>"; };
		EBD9FD8F21A86EF5000B2486 /* libxmlrpc_abyss.3.39.dylib */ = {isa = PBXFileReference; lastKnownFileType = "compiled.mach-o.dylib"; path = libxmlrpc_abyss.3.39.dylib; sourceTree = "<group>"; };
		EBD9FD9321A86F82000B2486 /* libxmlrpc_server_abyss.3.39.dylib */ = {isa = PBXFileReference; lastKnownFileType = "compiled.mach-o.dylib"; path = libxmlrpc_server_abyss.3.39.dylib; sourceTree = "<group>"; };
		EBD9FD9521A86F9D000B2486 /* libxmlrpc_client.3.39.dylib */ = {isa = PBXFileReference; lastKnownFileType = "compiled.mach-o.dylib"; path = libxmlrpc_client.3.39.dylib; sourceTree = "<group>"; };
		EBD9FD9721A86FB5000B2486 /* libxmlrpc.3.39.dylib */ = {isa = PBXFileReference; lastKnownFileType = "compiled.mach-o.dylib"; path = libxmlrpc.3.39.dylib; sourceTree = "<group>"; };
		EBD9FD9921A86FDC000B2486 /* libxmlrpc_packetsocket.8.39.dylib */ = {isa = PBXFileReference; lastKnownFileType = "compiled.mach-o.dylib"; path = libxmlrpc_packetsocket.8.39.dylib; sourceTree = "<group>"; };
		EBD9FD9B21A86FE7000B2486 /* libxmlrpc_xmltok.3.39.dylib */ = {isa = PBXFileReference; lastKnownFileType = "compiled.mach-o.dylib"; path = libxmlrpc_xmltok.3.39.dylib; sourceTree = "<group>"; };
		EBD9FD9D21A86FF1000B2486 /* libxmlrpc_xmlparse.3.39.dylib */ = {isa = PBXFileReference; lastKnownFileType = "compiled.mach-o.dylib"; path = libxmlrpc_xmlparse.3.39.dylib; sourceTree = "<group>"; };
		EBD9FD9F21A86FFB000B2486 /* libxmlrpc_util.3.39.dylib */ = {isa = PBXFileReference; lastKnownFileType = "compiled.mach-o.dylib"; path = libxmlrpc_util.3.39.dylib; sourceTree = "<group>"; };
		EBD9FDA121A87005000B2486 /* libxmlrpc_server.3.39.dylib */ = {isa = PBXFileReference; lastKnownFileType = "compiled.mach-o.dylib"; path = libxmlrpc_server.3.39.dylib; sourceTree = "<group>"; };
		EBD9FDA321A8700F000B2486 /* libxmlrpc_server_cgi.3.39.dylib */ = {isa = PBXFileReference; lastKnownFileType = "compiled.mach-o.dylib"; path = libxmlrpc_server_cgi.3.39.dylib; sourceTree = "<group>"; };
		EBF73B1721BB25AC0065B745 /* argparse.c */ = {isa = PBXFileReference; fileEncoding = 4; lastKnownFileType = sourcecode.c.c; path = argparse.c; sourceTree = "<group>"; };
		EBF73B1821BB25AD0065B745 /* argparse.h */ = {isa = PBXFileReference; fileEncoding = 4; lastKnownFileType = sourcecode.c.h; path = argparse.h; sourceTree = "<group>"; };
/* End PBXFileReference section */

/* Begin PBXFrameworksBuildPhase section */
		EB4AE8FB2038649500A4F82A /* Frameworks */ = {
			isa = PBXFrameworksBuildPhase;
			buildActionMask = 2147483647;
			files = (
				EBD9FDA421A8700F000B2486 /* libxmlrpc_server_cgi.3.39.dylib in Frameworks */,
				EBD9FD9821A86FB5000B2486 /* libxmlrpc.3.39.dylib in Frameworks */,
				EBD9FD9C21A86FE7000B2486 /* libxmlrpc_xmltok.3.39.dylib in Frameworks */,
				EBD9FDA021A86FFB000B2486 /* libxmlrpc_util.3.39.dylib in Frameworks */,
				EBD9FD9A21A86FDC000B2486 /* libxmlrpc_packetsocket.8.39.dylib in Frameworks */,
				EBD9FD9421A86F82000B2486 /* libxmlrpc_server_abyss.3.39.dylib in Frameworks */,
				EBD9FDA221A87005000B2486 /* libxmlrpc_server.3.39.dylib in Frameworks */,
				EBD9FD9021A86EF5000B2486 /* libxmlrpc_abyss.3.39.dylib in Frameworks */,
				EBD9FD9621A86F9D000B2486 /* libxmlrpc_client.3.39.dylib in Frameworks */,
				EBD9FD9E21A86FF1000B2486 /* libxmlrpc_xmlparse.3.39.dylib in Frameworks */,
			);
			runOnlyForDeploymentPostprocessing = 0;
		};
/* End PBXFrameworksBuildPhase section */

/* Begin PBXGroup section */
		EB4AE8F52038649500A4F82A = {
			isa = PBXGroup;
			children = (
				EB582F7F21BBED2F00A63FD3 /* xmlrpc */,
				EBF73B1621BB25720065B745 /* argparse */,
				EB4AE9002038649500A4F82A /* cocoa-webkit */,
				EB4AE8FF2038649500A4F82A /* Products */,
				EBF7FE8C2052CE46005A099E /* Frameworks */,
			);
			sourceTree = "<group>";
		};
		EB4AE8FF2038649500A4F82A /* Products */ = {
			isa = PBXGroup;
			children = (
				EB4AE8FE2038649500A4F82A /* cocoa-webkit */,
			);
			name = Products;
			sourceTree = "<group>";
		};
		EB4AE9002038649500A4F82A /* cocoa-webkit */ = {
			isa = PBXGroup;
			children = (
				EB4AE9012038649500A4F82A /* main.m */,
				EBBFBB63206813150033996B /* NextApplication.h */,
				EBBFBB64206813150033996B /* NextApplication.m */,
				EB6876822057E9B70098FB5B /* NextApplicationDelegate.h */,
				EB6876832057E9B70098FB5B /* NextApplicationDelegate.m */,
				EB51EC8F219329D9003C6FFD /* Window.h */,
				EB51EC90219329D9003C6FFD /* Window.m */,
				EB687685205964F50098FB5B /* AutokeyDictionary.h */,
				EB687686205964F50098FB5B /* AutokeyDictionary.m */,
				EB2A556420540AD400F10BFE /* Global.h */,
				EB2A556520540AD400F10BFE /* Global.m */,
				EB2A55612053EB4B00F10BFE /* Server.h */,
				EB2A55622053EB4B00F10BFE /* Server.m */,
				EB3F03B3204DD5A60065EB14 /* Base.h */,
				EB3F03B4204DD5A60065EB14 /* Base.m */,
				EB3F03B6204DD9230065EB14 /* Minibuffer.h */,
				EB3F03B7204DD9230065EB14 /* Minibuffer.m */,
				EBB1A1DB204750390056B075 /* Buffer.h */,
				EBB1A1DC204750390056B075 /* Buffer.m */,
			);
			path = "cocoa-webkit";
			sourceTree = "<group>";
		};
		EB582F7F21BBED2F00A63FD3 /* xmlrpc */ = {
			isa = PBXGroup;
			children = (
				EB582F8021BBED6000A63FD3 /* NSData+Base64.h */,
				EB582F8321BBED6000A63FD3 /* NSData+Base64.m */,
				EB582F8121BBED6000A63FD3 /* NSStringAdditions.h */,
				EB582F8221BBED6000A63FD3 /* NSStringAdditions.m */,
				EB582F8A21BBF02700A63FD3 /* XMLRPCEncoder.h */,
				EB582F8921BBEFD300A63FD3 /* XMLRPCDefaultEncoder.h */,
				EB582F8721BBEFC800A63FD3 /* XMLRPCDefaultEncoder.m */,
				EB582F8B21BBF36800A63FD3 /* XMLRPCRequest.h */,
				EB582F8C21BBF36800A63FD3 /* XMLRPCRequest.m */,
			);
			path = xmlrpc;
			sourceTree = "<group>";
		};
		EBF73B1621BB25720065B745 /* argparse */ = {
			isa = PBXGroup;
			children = (
				EBF73B1721BB25AC0065B745 /* argparse.c */,
				EBF73B1821BB25AD0065B745 /* argparse.h */,
			);
			path = argparse;
			sourceTree = "<group>";
		};
		EBF7FE8C2052CE46005A099E /* Frameworks */ = {
			isa = PBXGroup;
			children = (
				EBD9FDA321A8700F000B2486 /* libxmlrpc_server_cgi.3.39.dylib */,
				EBD9FDA121A87005000B2486 /* libxmlrpc_server.3.39.dylib */,
				EBD9FD9F21A86FFB000B2486 /* libxmlrpc_util.3.39.dylib */,
				EBD9FD9D21A86FF1000B2486 /* libxmlrpc_xmlparse.3.39.dylib */,
				EBD9FD9B21A86FE7000B2486 /* libxmlrpc_xmltok.3.39.dylib */,
				EBD9FD9921A86FDC000B2486 /* libxmlrpc_packetsocket.8.39.dylib */,
				EBD9FD9321A86F82000B2486 /* libxmlrpc_server_abyss.3.39.dylib */,
				EBD9FD9521A86F9D000B2486 /* libxmlrpc_client.3.39.dylib */,
				EBD9FD8F21A86EF5000B2486 /* libxmlrpc_abyss.3.39.dylib */,
				EBD9FD9721A86FB5000B2486 /* libxmlrpc.3.39.dylib */,
			);
			name = Frameworks;
			sourceTree = "<group>";
		};
/* End PBXGroup section */

/* Begin PBXNativeTarget section */
		EB4AE8FD2038649500A4F82A /* cocoa-webkit */ = {
			isa = PBXNativeTarget;
			buildConfigurationList = EB4AE9052038649500A4F82A /* Build configuration list for PBXNativeTarget "cocoa-webkit" */;
			buildPhases = (
				EB4AE8FA2038649500A4F82A /* Sources */,
				EB4AE8FB2038649500A4F82A /* Frameworks */,
				EB4AE8FC2038649500A4F82A /* CopyFiles */,
			);
			buildRules = (
			);
			dependencies = (
			);
			name = "cocoa-webkit";
			productName = "cocoa-webkit";
			productReference = EB4AE8FE2038649500A4F82A /* cocoa-webkit */;
			productType = "com.apple.product-type.tool";
		};
/* End PBXNativeTarget section */

/* Begin PBXProject section */
		EB4AE8F62038649500A4F82A /* Project object */ = {
			isa = PBXProject;
			attributes = {
				LastUpgradeCheck = 1000;
				ORGANIZATIONNAME = "Atlas Engineer";
				TargetAttributes = {
					EB4AE8FD2038649500A4F82A = {
						CreatedOnToolsVersion = 9.2;
						ProvisioningStyle = Automatic;
					};
				};
			};
			buildConfigurationList = EB4AE8F92038649500A4F82A /* Build configuration list for PBXProject "cocoa-webkit" */;
			compatibilityVersion = "Xcode 8.0";
			developmentRegion = en;
			hasScannedForEncodings = 0;
			knownRegions = (
				en,
			);
			mainGroup = EB4AE8F52038649500A4F82A;
			productRefGroup = EB4AE8FF2038649500A4F82A /* Products */;
			projectDirPath = "";
			projectRoot = "";
			targets = (
				EB4AE8FD2038649500A4F82A /* cocoa-webkit */,
			);
		};
/* End PBXProject section */

/* Begin PBXSourcesBuildPhase section */
		EB4AE8FA2038649500A4F82A /* Sources */ = {
			isa = PBXSourcesBuildPhase;
			buildActionMask = 2147483647;
			files = (
				EBBFBB65206813150033996B /* NextApplication.m in Sources */,
				EBF73B1921BB25AD0065B745 /* argparse.c in Sources */,
				EB582F8821BBEFC800A63FD3 /* XMLRPCDefaultEncoder.m in Sources */,
				EB687687205964F50098FB5B /* AutokeyDictionary.m in Sources */,
				EBB1A1DD204750390056B075 /* Buffer.m in Sources */,
				EB2A556620540AD400F10BFE /* Global.m in Sources */,
				EB3F03B5204DD5A60065EB14 /* Base.m in Sources */,
				EB3F03B8204DD9230065EB14 /* Minibuffer.m in Sources */,
				EB582F8D21BBF36800A63FD3 /* XMLRPCRequest.m in Sources */,
				EB6876842057E9B70098FB5B /* NextApplicationDelegate.m in Sources */,
				EB2A55632053EB4B00F10BFE /* Server.m in Sources */,
				EB582F8421BBED6000A63FD3 /* NSStringAdditions.m in Sources */,
				EB4AE9022038649500A4F82A /* main.m in Sources */,
				EB582F8521BBED6000A63FD3 /* NSData+Base64.m in Sources */,
				EB51EC91219329D9003C6FFD /* Window.m in Sources */,
			);
			runOnlyForDeploymentPostprocessing = 0;
		};
/* End PBXSourcesBuildPhase section */

/* Begin XCBuildConfiguration section */
		EB4AE9032038649500A4F82A /* Debug */ = {
			isa = XCBuildConfiguration;
			buildSettings = {
				ALWAYS_SEARCH_USER_PATHS = NO;
				CLANG_ANALYZER_NONNULL = YES;
				CLANG_ANALYZER_NUMBER_OBJECT_CONVERSION = YES_AGGRESSIVE;
				CLANG_CXX_LANGUAGE_STANDARD = "gnu++14";
				CLANG_CXX_LIBRARY = "libc++";
				CLANG_ENABLE_MODULES = YES;
				CLANG_ENABLE_OBJC_ARC = YES;
				CLANG_WARN_BLOCK_CAPTURE_AUTORELEASING = YES;
				CLANG_WARN_BOOL_CONVERSION = YES;
				CLANG_WARN_COMMA = YES;
				CLANG_WARN_CONSTANT_CONVERSION = YES;
				CLANG_WARN_DEPRECATED_OBJC_IMPLEMENTATIONS = YES;
				CLANG_WARN_DIRECT_OBJC_ISA_USAGE = YES_ERROR;
				CLANG_WARN_DOCUMENTATION_COMMENTS = YES;
				CLANG_WARN_EMPTY_BODY = YES;
				CLANG_WARN_ENUM_CONVERSION = YES;
				CLANG_WARN_INFINITE_RECURSION = YES;
				CLANG_WARN_INT_CONVERSION = YES;
				CLANG_WARN_NON_LITERAL_NULL_CONVERSION = YES;
				CLANG_WARN_OBJC_IMPLICIT_RETAIN_SELF = YES;
				CLANG_WARN_OBJC_LITERAL_CONVERSION = YES;
				CLANG_WARN_OBJC_ROOT_CLASS = YES_ERROR;
				CLANG_WARN_RANGE_LOOP_ANALYSIS = YES;
				CLANG_WARN_STRICT_PROTOTYPES = YES;
				CLANG_WARN_SUSPICIOUS_MOVE = YES;
				CLANG_WARN_UNGUARDED_AVAILABILITY = YES_AGGRESSIVE;
				CLANG_WARN_UNREACHABLE_CODE = YES;
				CLANG_WARN__DUPLICATE_METHOD_MATCH = YES;
				CODE_SIGN_IDENTITY = "-";
				COPY_PHASE_STRIP = NO;
				DEBUG_INFORMATION_FORMAT = dwarf;
				ENABLE_STRICT_OBJC_MSGSEND = YES;
				ENABLE_TESTABILITY = YES;
				FRAMEWORK_SEARCH_PATHS = "";
				GCC_C_LANGUAGE_STANDARD = gnu11;
				GCC_DYNAMIC_NO_PIC = NO;
				GCC_NO_COMMON_BLOCKS = YES;
				GCC_OPTIMIZATION_LEVEL = 0;
				GCC_PREPROCESSOR_DEFINITIONS = (
					"DEBUG=1",
					"$(inherited)",
				);
				GCC_WARN_64_TO_32_BIT_CONVERSION = YES;
				GCC_WARN_ABOUT_RETURN_TYPE = YES_ERROR;
				GCC_WARN_UNDECLARED_SELECTOR = YES;
				GCC_WARN_UNINITIALIZED_AUTOS = YES_AGGRESSIVE;
				GCC_WARN_UNUSED_FUNCTION = YES;
				GCC_WARN_UNUSED_VARIABLE = YES;
				HEADER_SEARCH_PATHS = "/usr/local/include/**";
				LIBRARY_SEARCH_PATHS = /usr/local/lib;
				MACOSX_DEPLOYMENT_TARGET = 10.13;
				MTL_ENABLE_DEBUG_INFO = YES;
				ONLY_ACTIVE_ARCH = YES;
				SDKROOT = macosx;
			};
			name = Debug;
		};
		EB4AE9042038649500A4F82A /* Release */ = {
			isa = XCBuildConfiguration;
			buildSettings = {
				ALWAYS_SEARCH_USER_PATHS = NO;
				CLANG_ANALYZER_NONNULL = YES;
				CLANG_ANALYZER_NUMBER_OBJECT_CONVERSION = YES_AGGRESSIVE;
				CLANG_CXX_LANGUAGE_STANDARD = "gnu++14";
				CLANG_CXX_LIBRARY = "libc++";
				CLANG_ENABLE_MODULES = YES;
				CLANG_ENABLE_OBJC_ARC = YES;
				CLANG_WARN_BLOCK_CAPTURE_AUTORELEASING = YES;
				CLANG_WARN_BOOL_CONVERSION = YES;
				CLANG_WARN_COMMA = YES;
				CLANG_WARN_CONSTANT_CONVERSION = YES;
				CLANG_WARN_DEPRECATED_OBJC_IMPLEMENTATIONS = YES;
				CLANG_WARN_DIRECT_OBJC_ISA_USAGE = YES_ERROR;
				CLANG_WARN_DOCUMENTATION_COMMENTS = YES;
				CLANG_WARN_EMPTY_BODY = YES;
				CLANG_WARN_ENUM_CONVERSION = YES;
				CLANG_WARN_INFINITE_RECURSION = YES;
				CLANG_WARN_INT_CONVERSION = YES;
				CLANG_WARN_NON_LITERAL_NULL_CONVERSION = YES;
				CLANG_WARN_OBJC_IMPLICIT_RETAIN_SELF = YES;
				CLANG_WARN_OBJC_LITERAL_CONVERSION = YES;
				CLANG_WARN_OBJC_ROOT_CLASS = YES_ERROR;
				CLANG_WARN_RANGE_LOOP_ANALYSIS = YES;
				CLANG_WARN_STRICT_PROTOTYPES = YES;
				CLANG_WARN_SUSPICIOUS_MOVE = YES;
				CLANG_WARN_UNGUARDED_AVAILABILITY = YES_AGGRESSIVE;
				CLANG_WARN_UNREACHABLE_CODE = YES;
				CLANG_WARN__DUPLICATE_METHOD_MATCH = YES;
				CODE_SIGN_IDENTITY = "-";
				COPY_PHASE_STRIP = NO;
				DEBUG_INFORMATION_FORMAT = "dwarf-with-dsym";
				ENABLE_NS_ASSERTIONS = NO;
				ENABLE_STRICT_OBJC_MSGSEND = YES;
				FRAMEWORK_SEARCH_PATHS = "";
				GCC_C_LANGUAGE_STANDARD = gnu11;
				GCC_NO_COMMON_BLOCKS = YES;
				GCC_WARN_64_TO_32_BIT_CONVERSION = YES;
				GCC_WARN_ABOUT_RETURN_TYPE = YES_ERROR;
				GCC_WARN_UNDECLARED_SELECTOR = YES;
				GCC_WARN_UNINITIALIZED_AUTOS = YES_AGGRESSIVE;
				GCC_WARN_UNUSED_FUNCTION = YES;
				GCC_WARN_UNUSED_VARIABLE = YES;
				HEADER_SEARCH_PATHS = "/usr/local/include/**";
				LIBRARY_SEARCH_PATHS = /usr/local/lib;
				MACOSX_DEPLOYMENT_TARGET = 10.13;
				MTL_ENABLE_DEBUG_INFO = NO;
				SDKROOT = macosx;
			};
			name = Release;
		};
		EB4AE9062038649500A4F82A /* Debug */ = {
			isa = XCBuildConfiguration;
			buildSettings = {
				CODE_SIGN_STYLE = Automatic;
				LIBRARY_SEARCH_PATHS = (
					"$(inherited)",
					"$(PROJECT_DIR)",
				);
				PRODUCT_NAME = "$(TARGET_NAME)";
			};
			name = Debug;
		};
		EB4AE9072038649500A4F82A /* Release */ = {
			isa = XCBuildConfiguration;
			buildSettings = {
				CODE_SIGN_STYLE = Automatic;
				LIBRARY_SEARCH_PATHS = (
					"$(inherited)",
					"$(PROJECT_DIR)",
				);
				PRODUCT_NAME = "$(TARGET_NAME)";
			};
			name = Release;
		};
/* End XCBuildConfiguration section */

/* Begin XCConfigurationList section */
		EB4AE8F92038649500A4F82A /* Build configuration list for PBXProject "cocoa-webkit" */ = {
			isa = XCConfigurationList;
			buildConfigurations = (
				EB4AE9032038649500A4F82A /* Debug */,
				EB4AE9042038649500A4F82A /* Release */,
			);
			defaultConfigurationIsVisible = 0;
			defaultConfigurationName = Release;
		};
		EB4AE9052038649500A4F82A /* Build configuration list for PBXNativeTarget "cocoa-webkit" */ = {
			isa = XCConfigurationList;
			buildConfigurations = (
				EB4AE9062038649500A4F82A /* Debug */,
				EB4AE9072038649500A4F82A /* Release */,
			);
			defaultConfigurationIsVisible = 0;
			defaultConfigurationName = Release;
		};
/* End XCConfigurationList section */
	};
	rootObject = EB4AE8F62038649500A4F82A /* Project object */;
}
