// !$*UTF8*$!
{
	archiveVersion = 1;
	classes = {
	};
	objectVersion = 48;
	objects = {

/* Begin PBXBuildFile section */
		EB2A55632053EB4B00F10BFE /* Server.m in Sources */ = {isa = PBXBuildFile; fileRef = EB2A55622053EB4B00F10BFE /* Server.m */; };
		EB2A556620540AD400F10BFE /* Global.m in Sources */ = {isa = PBXBuildFile; fileRef = EB2A556520540AD400F10BFE /* Global.m */; };
		EB3F03B5204DD5A60065EB14 /* Base.m in Sources */ = {isa = PBXBuildFile; fileRef = EB3F03B4204DD5A60065EB14 /* Base.m */; };
		EB3F03B8204DD9230065EB14 /* Minibuffer.m in Sources */ = {isa = PBXBuildFile; fileRef = EB3F03B7204DD9230065EB14 /* Minibuffer.m */; };
		EB4AE9022038649500A4F82A /* main.m in Sources */ = {isa = PBXBuildFile; fileRef = EB4AE9012038649500A4F82A /* main.m */; };
		EB51EC91219329D9003C6FFD /* Window.m in Sources */ = {isa = PBXBuildFile; fileRef = EB51EC90219329D9003C6FFD /* Window.m */; };
		EB582F8421BBED6000A63FD3 /* NSStringAdditions.m in Sources */ = {isa = PBXBuildFile; fileRef = EB582F8221BBED6000A63FD3 /* NSStringAdditions.m */; };
		EB582F8521BBED6000A63FD3 /* NSData+Base64.m in Sources */ = {isa = PBXBuildFile; fileRef = EB582F8321BBED6000A63FD3 /* NSData+Base64.m */; };
		EB582F8821BBEFC800A63FD3 /* XMLRPCDefaultEncoder.m in Sources */ = {isa = PBXBuildFile; fileRef = EB582F8721BBEFC800A63FD3 /* XMLRPCDefaultEncoder.m */; };
		EB582F8D21BBF36800A63FD3 /* XMLRPCRequest.m in Sources */ = {isa = PBXBuildFile; fileRef = EB582F8C21BBF36800A63FD3 /* XMLRPCRequest.m */; };
		EB582F9021BC17CA00A63FD3 /* XMLRPCResponse.m in Sources */ = {isa = PBXBuildFile; fileRef = EB582F8F21BC17CA00A63FD3 /* XMLRPCResponse.m */; };
		EB582F9521BC17D200A63FD3 /* XMLRPCEventBasedParserDelegate.m in Sources */ = {isa = PBXBuildFile; fileRef = EB582F9221BC17D100A63FD3 /* XMLRPCEventBasedParserDelegate.m */; };
		EB582F9621BC17D200A63FD3 /* XMLRPCEventBasedParser.m in Sources */ = {isa = PBXBuildFile; fileRef = EB582F9321BC17D200A63FD3 /* XMLRPCEventBasedParser.m */; };
		EB6876842057E9B70098FB5B /* NextApplicationDelegate.m in Sources */ = {isa = PBXBuildFile; fileRef = EB6876832057E9B70098FB5B /* NextApplicationDelegate.m */; };
		EB687687205964F50098FB5B /* AutokeyDictionary.m in Sources */ = {isa = PBXBuildFile; fileRef = EB687686205964F50098FB5B /* AutokeyDictionary.m */; };
		EBB1A1DD204750390056B075 /* Buffer.m in Sources */ = {isa = PBXBuildFile; fileRef = EBB1A1DC204750390056B075 /* Buffer.m */; };
		EBBFBB65206813150033996B /* NextApplication.m in Sources */ = {isa = PBXBuildFile; fileRef = EBBFBB64206813150033996B /* NextApplication.m */; };
		EBED669421BDC99800BD9491 /* libz.tbd in Frameworks */ = {isa = PBXBuildFile; fileRef = EBED669321BDC99700BD9491 /* libz.tbd */; };
		EBED66B621BDCA3400BD9491 /* GCDWebServerResponse.m in Sources */ = {isa = PBXBuildFile; fileRef = EBED669A21BDCA3400BD9491 /* GCDWebServerResponse.m */; };
		EBED66B721BDCA3400BD9491 /* GCDWebServerRequest.m in Sources */ = {isa = PBXBuildFile; fileRef = EBED669D21BDCA3400BD9491 /* GCDWebServerRequest.m */; };
		EBED66B821BDCA3400BD9491 /* GCDWebServerFunctions.m in Sources */ = {isa = PBXBuildFile; fileRef = EBED66A021BDCA3400BD9491 /* GCDWebServerFunctions.m */; };
		EBED66B921BDCA3400BD9491 /* GCDWebServer.m in Sources */ = {isa = PBXBuildFile; fileRef = EBED66A121BDCA3400BD9491 /* GCDWebServer.m */; };
		EBED66BA21BDCA3400BD9491 /* GCDWebServerConnection.m in Sources */ = {isa = PBXBuildFile; fileRef = EBED66A221BDCA3400BD9491 /* GCDWebServerConnection.m */; };
		EBED66BB21BDCA3400BD9491 /* GCDWebServerErrorResponse.m in Sources */ = {isa = PBXBuildFile; fileRef = EBED66A721BDCA3400BD9491 /* GCDWebServerErrorResponse.m */; };
		EBED66BC21BDCA3400BD9491 /* GCDWebServerFileResponse.m in Sources */ = {isa = PBXBuildFile; fileRef = EBED66A921BDCA3400BD9491 /* GCDWebServerFileResponse.m */; };
		EBED66BD21BDCA3400BD9491 /* GCDWebServerDataResponse.m in Sources */ = {isa = PBXBuildFile; fileRef = EBED66AA21BDCA3400BD9491 /* GCDWebServerDataResponse.m */; };
		EBED66BE21BDCA3400BD9491 /* GCDWebServerStreamedResponse.m in Sources */ = {isa = PBXBuildFile; fileRef = EBED66AC21BDCA3400BD9491 /* GCDWebServerStreamedResponse.m */; };
		EBED66BF21BDCA3400BD9491 /* GCDWebServerURLEncodedFormRequest.m in Sources */ = {isa = PBXBuildFile; fileRef = EBED66B121BDCA3400BD9491 /* GCDWebServerURLEncodedFormRequest.m */; };
		EBED66C021BDCA3400BD9491 /* GCDWebServerMultiPartFormRequest.m in Sources */ = {isa = PBXBuildFile; fileRef = EBED66B221BDCA3400BD9491 /* GCDWebServerMultiPartFormRequest.m */; };
		EBED66C121BDCA3400BD9491 /* GCDWebServerDataRequest.m in Sources */ = {isa = PBXBuildFile; fileRef = EBED66B321BDCA3400BD9491 /* GCDWebServerDataRequest.m */; };
		EBED66C221BDCA3400BD9491 /* GCDWebServerFileRequest.m in Sources */ = {isa = PBXBuildFile; fileRef = EBED66B421BDCA3400BD9491 /* GCDWebServerFileRequest.m */; };
		EBF73B1921BB25AD0065B745 /* argparse.c in Sources */ = {isa = PBXBuildFile; fileRef = EBF73B1721BB25AC0065B745 /* argparse.c */; };
/* End PBXBuildFile section */

/* Begin PBXCopyFilesBuildPhase section */
		EB4AE8FC2038649500A4F82A /* CopyFiles */ = {
			isa = PBXCopyFilesBuildPhase;
			buildActionMask = 2147483647;
			dstPath = /usr/share/man/man1/;
			dstSubfolderSpec = 0;
			files = (
			);
			runOnlyForDeploymentPostprocessing = 1;
		};
/* End PBXCopyFilesBuildPhase section */

/* Begin PBXFileReference section */
		EB2A55612053EB4B00F10BFE /* Server.h */ = {isa = PBXFileReference; lastKnownFileType = sourcecode.c.h; path = Server.h; sourceTree = "<group>"; };
		EB2A55622053EB4B00F10BFE /* Server.m */ = {isa = PBXFileReference; lastKnownFileType = sourcecode.c.objc; path = Server.m; sourceTree = "<group>"; };
		EB2A556420540AD400F10BFE /* Global.h */ = {isa = PBXFileReference; lastKnownFileType = sourcecode.c.h; path = Global.h; sourceTree = "<group>"; };
		EB2A556520540AD400F10BFE /* Global.m */ = {isa = PBXFileReference; lastKnownFileType = sourcecode.c.objc; path = Global.m; sourceTree = "<group>"; };
		EB3F03B3204DD5A60065EB14 /* Base.h */ = {isa = PBXFileReference; lastKnownFileType = sourcecode.c.h; path = Base.h; sourceTree = "<group>"; };
		EB3F03B4204DD5A60065EB14 /* Base.m */ = {isa = PBXFileReference; lastKnownFileType = sourcecode.c.objc; path = Base.m; sourceTree = "<group>"; };
		EB3F03B6204DD9230065EB14 /* Minibuffer.h */ = {isa = PBXFileReference; lastKnownFileType = sourcecode.c.h; path = Minibuffer.h; sourceTree = "<group>"; };
		EB3F03B7204DD9230065EB14 /* Minibuffer.m */ = {isa = PBXFileReference; lastKnownFileType = sourcecode.c.objc; path = Minibuffer.m; sourceTree = "<group>"; };
		EB4AE8FE2038649500A4F82A /* cocoa-webkit */ = {isa = PBXFileReference; explicitFileType = "compiled.mach-o.executable"; includeInIndex = 0; path = "cocoa-webkit"; sourceTree = BUILT_PRODUCTS_DIR; };
		EB4AE9012038649500A4F82A /* main.m */ = {isa = PBXFileReference; lastKnownFileType = sourcecode.c.objc; path = main.m; sourceTree = "<group>"; };
		EB51EC8F219329D9003C6FFD /* Window.h */ = {isa = PBXFileReference; lastKnownFileType = sourcecode.c.h; path = Window.h; sourceTree = "<group>"; };
		EB51EC90219329D9003C6FFD /* Window.m */ = {isa = PBXFileReference; lastKnownFileType = sourcecode.c.objc; path = Window.m; sourceTree = "<group>"; };
		EB582F8021BBED6000A63FD3 /* NSData+Base64.h */ = {isa = PBXFileReference; fileEncoding = 4; lastKnownFileType = sourcecode.c.h; path = "NSData+Base64.h"; sourceTree = "<group>"; };
		EB582F8121BBED6000A63FD3 /* NSStringAdditions.h */ = {isa = PBXFileReference; fileEncoding = 4; lastKnownFileType = sourcecode.c.h; path = NSStringAdditions.h; sourceTree = "<group>"; };
		EB582F8221BBED6000A63FD3 /* NSStringAdditions.m */ = {isa = PBXFileReference; fileEncoding = 4; lastKnownFileType = sourcecode.c.objc; path = NSStringAdditions.m; sourceTree = "<group>"; };
		EB582F8321BBED6000A63FD3 /* NSData+Base64.m */ = {isa = PBXFileReference; fileEncoding = 4; lastKnownFileType = sourcecode.c.objc; path = "NSData+Base64.m"; sourceTree = "<group>"; };
		EB582F8721BBEFC800A63FD3 /* XMLRPCDefaultEncoder.m */ = {isa = PBXFileReference; fileEncoding = 4; lastKnownFileType = sourcecode.c.objc; path = XMLRPCDefaultEncoder.m; sourceTree = "<group>"; };
		EB582F8921BBEFD300A63FD3 /* XMLRPCDefaultEncoder.h */ = {isa = PBXFileReference; lastKnownFileType = sourcecode.c.h; path = XMLRPCDefaultEncoder.h; sourceTree = "<group>"; };
		EB582F8A21BBF02700A63FD3 /* XMLRPCEncoder.h */ = {isa = PBXFileReference; lastKnownFileType = sourcecode.c.h; path = XMLRPCEncoder.h; sourceTree = "<group>"; };
		EB582F8B21BBF36800A63FD3 /* XMLRPCRequest.h */ = {isa = PBXFileReference; fileEncoding = 4; lastKnownFileType = sourcecode.c.h; path = XMLRPCRequest.h; sourceTree = "<group>"; };
		EB582F8C21BBF36800A63FD3 /* XMLRPCRequest.m */ = {isa = PBXFileReference; fileEncoding = 4; lastKnownFileType = sourcecode.c.objc; path = XMLRPCRequest.m; sourceTree = "<group>"; };
		EB582F8E21BC17CA00A63FD3 /* XMLRPCResponse.h */ = {isa = PBXFileReference; fileEncoding = 4; lastKnownFileType = sourcecode.c.h; path = XMLRPCResponse.h; sourceTree = "<group>"; };
		EB582F8F21BC17CA00A63FD3 /* XMLRPCResponse.m */ = {isa = PBXFileReference; fileEncoding = 4; lastKnownFileType = sourcecode.c.objc; path = XMLRPCResponse.m; sourceTree = "<group>"; };
		EB582F9121BC17D100A63FD3 /* XMLRPCEventBasedParser.h */ = {isa = PBXFileReference; fileEncoding = 4; lastKnownFileType = sourcecode.c.h; path = XMLRPCEventBasedParser.h; sourceTree = "<group>"; };
		EB582F9221BC17D100A63FD3 /* XMLRPCEventBasedParserDelegate.m */ = {isa = PBXFileReference; fileEncoding = 4; lastKnownFileType = sourcecode.c.objc; path = XMLRPCEventBasedParserDelegate.m; sourceTree = "<group>"; };
		EB582F9321BC17D200A63FD3 /* XMLRPCEventBasedParser.m */ = {isa = PBXFileReference; fileEncoding = 4; lastKnownFileType = sourcecode.c.objc; path = XMLRPCEventBasedParser.m; sourceTree = "<group>"; };
		EB582F9421BC17D200A63FD3 /* XMLRPCEventBasedParserDelegate.h */ = {isa = PBXFileReference; fileEncoding = 4; lastKnownFileType = sourcecode.c.h; path = XMLRPCEventBasedParserDelegate.h; sourceTree = "<group>"; };
		EB6876822057E9B70098FB5B /* NextApplicationDelegate.h */ = {isa = PBXFileReference; lastKnownFileType = sourcecode.c.h; path = NextApplicationDelegate.h; sourceTree = "<group>"; };
		EB6876832057E9B70098FB5B /* NextApplicationDelegate.m */ = {isa = PBXFileReference; lastKnownFileType = sourcecode.c.objc; path = NextApplicationDelegate.m; sourceTree = "<group>"; };
		EB687685205964F50098FB5B /* AutokeyDictionary.h */ = {isa = PBXFileReference; lastKnownFileType = sourcecode.c.h; path = AutokeyDictionary.h; sourceTree = "<group>"; };
		EB687686205964F50098FB5B /* AutokeyDictionary.m */ = {isa = PBXFileReference; lastKnownFileType = sourcecode.c.objc; path = AutokeyDictionary.m; sourceTree = "<group>"; };
		EBB1A1DB204750390056B075 /* Buffer.h */ = {isa = PBXFileReference; lastKnownFileType = sourcecode.c.h; path = Buffer.h; sourceTree = "<group>"; };
		EBB1A1DC204750390056B075 /* Buffer.m */ = {isa = PBXFileReference; lastKnownFileType = sourcecode.c.objc; path = Buffer.m; sourceTree = "<group>"; };
		EBBFBB63206813150033996B /* NextApplication.h */ = {isa = PBXFileReference; lastKnownFileType = sourcecode.c.h; path = NextApplication.h; sourceTree = "<group>"; };
		EBBFBB64206813150033996B /* NextApplication.m */ = {isa = PBXFileReference; lastKnownFileType = sourcecode.c.objc; path = NextApplication.m; sourceTree = "<group>"; };
		EBED669321BDC99700BD9491 /* libz.tbd */ = {isa = PBXFileReference; lastKnownFileType = "sourcecode.text-based-dylib-definition"; name = libz.tbd; path = usr/lib/libz.tbd; sourceTree = SDKROOT; };
		EBED669821BDCA3400BD9491 /* GCDWebServerFunctions.h */ = {isa = PBXFileReference; fileEncoding = 4; lastKnownFileType = sourcecode.c.h; path = GCDWebServerFunctions.h; sourceTree = "<group>"; };
		EBED669921BDCA3400BD9491 /* GCDWebServerPrivate.h */ = {isa = PBXFileReference; fileEncoding = 4; lastKnownFileType = sourcecode.c.h; path = GCDWebServerPrivate.h; sourceTree = "<group>"; };
		EBED669A21BDCA3400BD9491 /* GCDWebServerResponse.m */ = {isa = PBXFileReference; fileEncoding = 4; lastKnownFileType = sourcecode.c.objc; path = GCDWebServerResponse.m; sourceTree = "<group>"; };
		EBED669B21BDCA3400BD9491 /* GCDWebServerConnection.h */ = {isa = PBXFileReference; fileEncoding = 4; lastKnownFileType = sourcecode.c.h; path = GCDWebServerConnection.h; sourceTree = "<group>"; };
		EBED669C21BDCA3400BD9491 /* GCDWebServer.h */ = {isa = PBXFileReference; fileEncoding = 4; lastKnownFileType = sourcecode.c.h; path = GCDWebServer.h; sourceTree = "<group>"; };
		EBED669D21BDCA3400BD9491 /* GCDWebServerRequest.m */ = {isa = PBXFileReference; fileEncoding = 4; lastKnownFileType = sourcecode.c.objc; path = GCDWebServerRequest.m; sourceTree = "<group>"; };
		EBED669E21BDCA3400BD9491 /* GCDWebServerHTTPStatusCodes.h */ = {isa = PBXFileReference; fileEncoding = 4; lastKnownFileType = sourcecode.c.h; path = GCDWebServerHTTPStatusCodes.h; sourceTree = "<group>"; };
		EBED669F21BDCA3400BD9491 /* GCDWebServerResponse.h */ = {isa = PBXFileReference; fileEncoding = 4; lastKnownFileType = sourcecode.c.h; path = GCDWebServerResponse.h; sourceTree = "<group>"; };
		EBED66A021BDCA3400BD9491 /* GCDWebServerFunctions.m */ = {isa = PBXFileReference; fileEncoding = 4; lastKnownFileType = sourcecode.c.objc; path = GCDWebServerFunctions.m; sourceTree = "<group>"; };
		EBED66A121BDCA3400BD9491 /* GCDWebServer.m */ = {isa = PBXFileReference; fileEncoding = 4; lastKnownFileType = sourcecode.c.objc; path = GCDWebServer.m; sourceTree = "<group>"; };
		EBED66A221BDCA3400BD9491 /* GCDWebServerConnection.m */ = {isa = PBXFileReference; fileEncoding = 4; lastKnownFileType = sourcecode.c.objc; path = GCDWebServerConnection.m; sourceTree = "<group>"; };
		EBED66A321BDCA3400BD9491 /* GCDWebServerRequest.h */ = {isa = PBXFileReference; fileEncoding = 4; lastKnownFileType = sourcecode.c.h; path = GCDWebServerRequest.h; sourceTree = "<group>"; };
		EBED66A521BDCA3400BD9491 /* GCDWebServerFileResponse.h */ = {isa = PBXFileReference; fileEncoding = 4; lastKnownFileType = sourcecode.c.h; path = GCDWebServerFileResponse.h; sourceTree = "<group>"; };
		EBED66A621BDCA3400BD9491 /* GCDWebServerStreamedResponse.h */ = {isa = PBXFileReference; fileEncoding = 4; lastKnownFileType = sourcecode.c.h; path = GCDWebServerStreamedResponse.h; sourceTree = "<group>"; };
		EBED66A721BDCA3400BD9491 /* GCDWebServerErrorResponse.m */ = {isa = PBXFileReference; fileEncoding = 4; lastKnownFileType = sourcecode.c.objc; path = GCDWebServerErrorResponse.m; sourceTree = "<group>"; };
		EBED66A821BDCA3400BD9491 /* GCDWebServerDataResponse.h */ = {isa = PBXFileReference; fileEncoding = 4; lastKnownFileType = sourcecode.c.h; path = GCDWebServerDataResponse.h; sourceTree = "<group>"; };
		EBED66A921BDCA3400BD9491 /* GCDWebServerFileResponse.m */ = {isa = PBXFileReference; fileEncoding = 4; lastKnownFileType = sourcecode.c.objc; path = GCDWebServerFileResponse.m; sourceTree = "<group>"; };
		EBED66AA21BDCA3400BD9491 /* GCDWebServerDataResponse.m */ = {isa = PBXFileReference; fileEncoding = 4; lastKnownFileType = sourcecode.c.objc; path = GCDWebServerDataResponse.m; sourceTree = "<group>"; };
		EBED66AB21BDCA3400BD9491 /* GCDWebServerErrorResponse.h */ = {isa = PBXFileReference; fileEncoding = 4; lastKnownFileType = sourcecode.c.h; path = GCDWebServerErrorResponse.h; sourceTree = "<group>"; };
		EBED66AC21BDCA3400BD9491 /* GCDWebServerStreamedResponse.m */ = {isa = PBXFileReference; fileEncoding = 4; lastKnownFileType = sourcecode.c.objc; path = GCDWebServerStreamedResponse.m; sourceTree = "<group>"; };
		EBED66AE21BDCA3400BD9491 /* GCDWebServerDataRequest.h */ = {isa = PBXFileReference; fileEncoding = 4; lastKnownFileType = sourcecode.c.h; path = GCDWebServerDataRequest.h; sourceTree = "<group>"; };
		EBED66AF21BDCA3400BD9491 /* GCDWebServerMultiPartFormRequest.h */ = {isa = PBXFileReference; fileEncoding = 4; lastKnownFileType = sourcecode.c.h; path = GCDWebServerMultiPartFormRequest.h; sourceTree = "<group>"; };
		EBED66B021BDCA3400BD9491 /* GCDWebServerFileRequest.h */ = {isa = PBXFileReference; fileEncoding = 4; lastKnownFileType = sourcecode.c.h; path = GCDWebServerFileRequest.h; sourceTree = "<group>"; };
		EBED66B121BDCA3400BD9491 /* GCDWebServerURLEncodedFormRequest.m */ = {isa = PBXFileReference; fileEncoding = 4; lastKnownFileType = sourcecode.c.objc; path = GCDWebServerURLEncodedFormRequest.m; sourceTree = "<group>"; };
		EBED66B221BDCA3400BD9491 /* GCDWebServerMultiPartFormRequest.m */ = {isa = PBXFileReference; fileEncoding = 4; lastKnownFileType = sourcecode.c.objc; path = GCDWebServerMultiPartFormRequest.m; sourceTree = "<group>"; };
		EBED66B321BDCA3400BD9491 /* GCDWebServerDataRequest.m */ = {isa = PBXFileReference; fileEncoding = 4; lastKnownFileType = sourcecode.c.objc; path = GCDWebServerDataRequest.m; sourceTree = "<group>"; };
		EBED66B421BDCA3400BD9491 /* GCDWebServerFileRequest.m */ = {isa = PBXFileReference; fileEncoding = 4; lastKnownFileType = sourcecode.c.objc; path = GCDWebServerFileRequest.m; sourceTree = "<group>"; };
		EBED66B521BDCA3400BD9491 /* GCDWebServerURLEncodedFormRequest.h */ = {isa = PBXFileReference; fileEncoding = 4; lastKnownFileType = sourcecode.c.h; path = GCDWebServerURLEncodedFormRequest.h; sourceTree = "<group>"; };
		EBF73B1721BB25AC0065B745 /* argparse.c */ = {isa = PBXFileReference; fileEncoding = 4; lastKnownFileType = sourcecode.c.c; path = argparse.c; sourceTree = "<group>"; };
		EBF73B1821BB25AD0065B745 /* argparse.h */ = {isa = PBXFileReference; fileEncoding = 4; lastKnownFileType = sourcecode.c.h; path = argparse.h; sourceTree = "<group>"; };
/* End PBXFileReference section */

/* Begin PBXFrameworksBuildPhase section */
		EB4AE8FB2038649500A4F82A /* Frameworks */ = {
			isa = PBXFrameworksBuildPhase;
			buildActionMask = 2147483647;
			files = (
				EBED669421BDC99800BD9491 /* libz.tbd in Frameworks */,
			);
			runOnlyForDeploymentPostprocessing = 0;
		};
/* End PBXFrameworksBuildPhase section */

/* Begin PBXGroup section */
		EB4AE8F52038649500A4F82A = {
			isa = PBXGroup;
			children = (
				EBED669621BDCA3400BD9491 /* gcdwebserver */,
				EB582F7F21BBED2F00A63FD3 /* xmlrpc */,
				EBF73B1621BB25720065B745 /* argparse */,
				EB4AE9002038649500A4F82A /* cocoa-webkit */,
				EB4AE8FF2038649500A4F82A /* Products */,
				EBED669221BDC99700BD9491 /* Frameworks */,
			);
			sourceTree = "<group>";
		};
		EB4AE8FF2038649500A4F82A /* Products */ = {
			isa = PBXGroup;
			children = (
				EB4AE8FE2038649500A4F82A /* cocoa-webkit */,
			);
			name = Products;
			sourceTree = "<group>";
		};
		EB4AE9002038649500A4F82A /* cocoa-webkit */ = {
			isa = PBXGroup;
			children = (
				EB4AE9012038649500A4F82A /* main.m */,
				EBBFBB63206813150033996B /* NextApplication.h */,
				EBBFBB64206813150033996B /* NextApplication.m */,
				EB6876822057E9B70098FB5B /* NextApplicationDelegate.h */,
				EB6876832057E9B70098FB5B /* NextApplicationDelegate.m */,
				EB51EC8F219329D9003C6FFD /* Window.h */,
				EB51EC90219329D9003C6FFD /* Window.m */,
				EB687685205964F50098FB5B /* AutokeyDictionary.h */,
				EB687686205964F50098FB5B /* AutokeyDictionary.m */,
				EB2A556420540AD400F10BFE /* Global.h */,
				EB2A556520540AD400F10BFE /* Global.m */,
				EB2A55612053EB4B00F10BFE /* Server.h */,
				EB2A55622053EB4B00F10BFE /* Server.m */,
				EB3F03B3204DD5A60065EB14 /* Base.h */,
				EB3F03B4204DD5A60065EB14 /* Base.m */,
				EB3F03B6204DD9230065EB14 /* Minibuffer.h */,
				EB3F03B7204DD9230065EB14 /* Minibuffer.m */,
				EBB1A1DB204750390056B075 /* Buffer.h */,
				EBB1A1DC204750390056B075 /* Buffer.m */,
			);
			path = "cocoa-webkit";
			sourceTree = "<group>";
		};
		EB582F7F21BBED2F00A63FD3 /* xmlrpc */ = {
			isa = PBXGroup;
			children = (
				EB582F8021BBED6000A63FD3 /* NSData+Base64.h */,
				EB582F8321BBED6000A63FD3 /* NSData+Base64.m */,
				EB582F8121BBED6000A63FD3 /* NSStringAdditions.h */,
				EB582F8221BBED6000A63FD3 /* NSStringAdditions.m */,
				EB582F8A21BBF02700A63FD3 /* XMLRPCEncoder.h */,
				EB582F8921BBEFD300A63FD3 /* XMLRPCDefaultEncoder.h */,
				EB582F8721BBEFC800A63FD3 /* XMLRPCDefaultEncoder.m */,
				EB582F8B21BBF36800A63FD3 /* XMLRPCRequest.h */,
				EB582F8C21BBF36800A63FD3 /* XMLRPCRequest.m */,
				EB582F9121BC17D100A63FD3 /* XMLRPCEventBasedParser.h */,
				EB582F9321BC17D200A63FD3 /* XMLRPCEventBasedParser.m */,
				EB582F9421BC17D200A63FD3 /* XMLRPCEventBasedParserDelegate.h */,
				EB582F9221BC17D100A63FD3 /* XMLRPCEventBasedParserDelegate.m */,
				EB582F8E21BC17CA00A63FD3 /* XMLRPCResponse.h */,
				EB582F8F21BC17CA00A63FD3 /* XMLRPCResponse.m */,
			);
			path = xmlrpc;
			sourceTree = "<group>";
		};
		EBED669221BDC99700BD9491 /* Frameworks */ = {
			isa = PBXGroup;
			children = (
				EBED669321BDC99700BD9491 /* libz.tbd */,
			);
			name = Frameworks;
			sourceTree = "<group>";
		};
		EBED669621BDCA3400BD9491 /* gcdwebserver */ = {
			isa = PBXGroup;
			children = (
				EBED669721BDCA3400BD9491 /* Core */,
				EBED66A421BDCA3400BD9491 /* Responses */,
				EBED66AD21BDCA3400BD9491 /* Requests */,
			);
			path = gcdwebserver;
			sourceTree = "<group>";
		};
		EBED669721BDCA3400BD9491 /* Core */ = {
			isa = PBXGroup;
			children = (
				EBED669821BDCA3400BD9491 /* GCDWebServerFunctions.h */,
				EBED669921BDCA3400BD9491 /* GCDWebServerPrivate.h */,
				EBED669A21BDCA3400BD9491 /* GCDWebServerResponse.m */,
				EBED669B21BDCA3400BD9491 /* GCDWebServerConnection.h */,
				EBED669C21BDCA3400BD9491 /* GCDWebServer.h */,
				EBED669D21BDCA3400BD9491 /* GCDWebServerRequest.m */,
				EBED669E21BDCA3400BD9491 /* GCDWebServerHTTPStatusCodes.h */,
				EBED669F21BDCA3400BD9491 /* GCDWebServerResponse.h */,
				EBED66A021BDCA3400BD9491 /* GCDWebServerFunctions.m */,
				EBED66A121BDCA3400BD9491 /* GCDWebServer.m */,
				EBED66A221BDCA3400BD9491 /* GCDWebServerConnection.m */,
				EBED66A321BDCA3400BD9491 /* GCDWebServerRequest.h */,
			);
			path = Core;
			sourceTree = "<group>";
		};
		EBED66A421BDCA3400BD9491 /* Responses */ = {
			isa = PBXGroup;
			children = (
				EBED66A521BDCA3400BD9491 /* GCDWebServerFileResponse.h */,
				EBED66A621BDCA3400BD9491 /* GCDWebServerStreamedResponse.h */,
				EBED66A721BDCA3400BD9491 /* GCDWebServerErrorResponse.m */,
				EBED66A821BDCA3400BD9491 /* GCDWebServerDataResponse.h */,
				EBED66A921BDCA3400BD9491 /* GCDWebServerFileResponse.m */,
				EBED66AA21BDCA3400BD9491 /* GCDWebServerDataResponse.m */,
				EBED66AB21BDCA3400BD9491 /* GCDWebServerErrorResponse.h */,
				EBED66AC21BDCA3400BD9491 /* GCDWebServerStreamedResponse.m */,
			);
			path = Responses;
			sourceTree = "<group>";
		};
		EBED66AD21BDCA3400BD9491 /* Requests */ = {
			isa = PBXGroup;
			children = (
				EBED66AE21BDCA3400BD9491 /* GCDWebServerDataRequest.h */,
				EBED66AF21BDCA3400BD9491 /* GCDWebServerMultiPartFormRequest.h */,
				EBED66B021BDCA3400BD9491 /* GCDWebServerFileRequest.h */,
				EBED66B121BDCA3400BD9491 /* GCDWebServerURLEncodedFormRequest.m */,
				EBED66B221BDCA3400BD9491 /* GCDWebServerMultiPartFormRequest.m */,
				EBED66B321BDCA3400BD9491 /* GCDWebServerDataRequest.m */,
				EBED66B421BDCA3400BD9491 /* GCDWebServerFileRequest.m */,
				EBED66B521BDCA3400BD9491 /* GCDWebServerURLEncodedFormRequest.h */,
			);
			path = Requests;
			sourceTree = "<group>";
		};
		EBF73B1621BB25720065B745 /* argparse */ = {
			isa = PBXGroup;
			children = (
				EBF73B1721BB25AC0065B745 /* argparse.c */,
				EBF73B1821BB25AD0065B745 /* argparse.h */,
			);
			path = argparse;
			sourceTree = "<group>";
		};
/* End PBXGroup section */

/* Begin PBXNativeTarget section */
		EB4AE8FD2038649500A4F82A /* cocoa-webkit */ = {
			isa = PBXNativeTarget;
			buildConfigurationList = EB4AE9052038649500A4F82A /* Build configuration list for PBXNativeTarget "cocoa-webkit" */;
			buildPhases = (
				EB4AE8FA2038649500A4F82A /* Sources */,
				EB4AE8FB2038649500A4F82A /* Frameworks */,
				EB4AE8FC2038649500A4F82A /* CopyFiles */,
			);
			buildRules = (
			);
			dependencies = (
			);
			name = "cocoa-webkit";
			productName = "cocoa-webkit";
			productReference = EB4AE8FE2038649500A4F82A /* cocoa-webkit */;
			productType = "com.apple.product-type.tool";
		};
/* End PBXNativeTarget section */

/* Begin PBXProject section */
		EB4AE8F62038649500A4F82A /* Project object */ = {
			isa = PBXProject;
			attributes = {
				LastUpgradeCheck = 1000;
				ORGANIZATIONNAME = "Atlas Engineer";
				TargetAttributes = {
					EB4AE8FD2038649500A4F82A = {
						CreatedOnToolsVersion = 9.2;
						ProvisioningStyle = Automatic;
					};
				};
			};
			buildConfigurationList = EB4AE8F92038649500A4F82A /* Build configuration list for PBXProject "cocoa-webkit" */;
			compatibilityVersion = "Xcode 8.0";
			developmentRegion = en;
			hasScannedForEncodings = 0;
			knownRegions = (
				en,
			);
			mainGroup = EB4AE8F52038649500A4F82A;
			productRefGroup = EB4AE8FF2038649500A4F82A /* Products */;
			projectDirPath = "";
			projectRoot = "";
			targets = (
				EB4AE8FD2038649500A4F82A /* cocoa-webkit */,
			);
		};
/* End PBXProject section */

/* Begin PBXSourcesBuildPhase section */
		EB4AE8FA2038649500A4F82A /* Sources */ = {
			isa = PBXSourcesBuildPhase;
			buildActionMask = 2147483647;
			files = (
				EB582F9021BC17CA00A63FD3 /* XMLRPCResponse.m in Sources */,
				EBED66BD21BDCA3400BD9491 /* GCDWebServerDataResponse.m in Sources */,
				EBED66C121BDCA3400BD9491 /* GCDWebServerDataRequest.m in Sources */,
				EBED66C221BDCA3400BD9491 /* GCDWebServerFileRequest.m in Sources */,
				EBBFBB65206813150033996B /* NextApplication.m in Sources */,
				EBF73B1921BB25AD0065B745 /* argparse.c in Sources */,
				EB582F8821BBEFC800A63FD3 /* XMLRPCDefaultEncoder.m in Sources */,
				EBED66B721BDCA3400BD9491 /* GCDWebServerRequest.m in Sources */,
				EBED66BE21BDCA3400BD9491 /* GCDWebServerStreamedResponse.m in Sources */,
				EBED66BF21BDCA3400BD9491 /* GCDWebServerURLEncodedFormRequest.m in Sources */,
				EB582F9521BC17D200A63FD3 /* XMLRPCEventBasedParserDelegate.m in Sources */,
				EBED66C021BDCA3400BD9491 /* GCDWebServerMultiPartFormRequest.m in Sources */,
				EB687687205964F50098FB5B /* AutokeyDictionary.m in Sources */,
				EBB1A1DD204750390056B075 /* Buffer.m in Sources */,
				EB2A556620540AD400F10BFE /* Global.m in Sources */,
				EBED66BC21BDCA3400BD9491 /* GCDWebServerFileResponse.m in Sources */,
				EB3F03B5204DD5A60065EB14 /* Base.m in Sources */,
				EB582F9621BC17D200A63FD3 /* XMLRPCEventBasedParser.m in Sources */,
				EB3F03B8204DD9230065EB14 /* Minibuffer.m in Sources */,
				EB582F8D21BBF36800A63FD3 /* XMLRPCRequest.m in Sources */,
				EBED66B621BDCA3400BD9491 /* GCDWebServerResponse.m in Sources */,
				EB6876842057E9B70098FB5B /* NextApplicationDelegate.m in Sources */,
				EB2A55632053EB4B00F10BFE /* Server.m in Sources */,
				EB582F8421BBED6000A63FD3 /* NSStringAdditions.m in Sources */,
				EB4AE9022038649500A4F82A /* main.m in Sources */,
				EBED66BB21BDCA3400BD9491 /* GCDWebServerErrorResponse.m in Sources */,
				EBED66BA21BDCA3400BD9491 /* GCDWebServerConnection.m in Sources */,
				EBED66B921BDCA3400BD9491 /* GCDWebServer.m in Sources */,
				EB582F8521BBED6000A63FD3 /* NSData+Base64.m in Sources */,
				EB51EC91219329D9003C6FFD /* Window.m in Sources */,
				EBED66B821BDCA3400BD9491 /* GCDWebServerFunctions.m in Sources */,
			);
			runOnlyForDeploymentPostprocessing = 0;
		};
/* End PBXSourcesBuildPhase section */

/* Begin XCBuildConfiguration section */
		EB4AE9032038649500A4F82A /* Debug */ = {
			isa = XCBuildConfiguration;
			buildSettings = {
				ALWAYS_SEARCH_USER_PATHS = NO;
				CLANG_ANALYZER_NONNULL = YES;
				CLANG_ANALYZER_NUMBER_OBJECT_CONVERSION = YES_AGGRESSIVE;
				CLANG_CXX_LANGUAGE_STANDARD = "gnu++14";
				CLANG_CXX_LIBRARY = "libc++";
				CLANG_ENABLE_MODULES = YES;
				CLANG_ENABLE_OBJC_ARC = YES;
				CLANG_WARN_BLOCK_CAPTURE_AUTORELEASING = YES;
				CLANG_WARN_BOOL_CONVERSION = YES;
				CLANG_WARN_COMMA = YES;
				CLANG_WARN_CONSTANT_CONVERSION = YES;
				CLANG_WARN_DEPRECATED_OBJC_IMPLEMENTATIONS = YES;
				CLANG_WARN_DIRECT_OBJC_ISA_USAGE = YES_ERROR;
				CLANG_WARN_DOCUMENTATION_COMMENTS = YES;
				CLANG_WARN_EMPTY_BODY = YES;
				CLANG_WARN_ENUM_CONVERSION = YES;
				CLANG_WARN_INFINITE_RECURSION = YES;
				CLANG_WARN_INT_CONVERSION = YES;
				CLANG_WARN_NON_LITERAL_NULL_CONVERSION = YES;
				CLANG_WARN_OBJC_IMPLICIT_RETAIN_SELF = YES;
				CLANG_WARN_OBJC_LITERAL_CONVERSION = YES;
				CLANG_WARN_OBJC_ROOT_CLASS = YES_ERROR;
				CLANG_WARN_RANGE_LOOP_ANALYSIS = YES;
				CLANG_WARN_STRICT_PROTOTYPES = YES;
				CLANG_WARN_SUSPICIOUS_MOVE = YES;
				CLANG_WARN_UNGUARDED_AVAILABILITY = YES_AGGRESSIVE;
				CLANG_WARN_UNREACHABLE_CODE = YES;
				CLANG_WARN__DUPLICATE_METHOD_MATCH = YES;
				CODE_SIGN_IDENTITY = "-";
				COPY_PHASE_STRIP = NO;
				DEBUG_INFORMATION_FORMAT = dwarf;
				ENABLE_STRICT_OBJC_MSGSEND = YES;
				ENABLE_TESTABILITY = YES;
				FRAMEWORK_SEARCH_PATHS = "";
				GCC_C_LANGUAGE_STANDARD = gnu11;
				GCC_DYNAMIC_NO_PIC = NO;
				GCC_NO_COMMON_BLOCKS = YES;
				GCC_OPTIMIZATION_LEVEL = 0;
				GCC_PREPROCESSOR_DEFINITIONS = (
					"DEBUG=1",
					"$(inherited)",
				);
				GCC_WARN_64_TO_32_BIT_CONVERSION = YES;
				GCC_WARN_ABOUT_RETURN_TYPE = YES_ERROR;
				GCC_WARN_UNDECLARED_SELECTOR = YES;
				GCC_WARN_UNINITIALIZED_AUTOS = YES_AGGRESSIVE;
				GCC_WARN_UNUSED_FUNCTION = YES;
				GCC_WARN_UNUSED_VARIABLE = YES;
				HEADER_SEARCH_PATHS = (
					"/usr/local/include/**",
					"/opt/local/include/**",
				);
				LIBRARY_SEARCH_PATHS = /usr/local/lib;
				MACOSX_DEPLOYMENT_TARGET = 10.13;
				MTL_ENABLE_DEBUG_INFO = YES;
				ONLY_ACTIVE_ARCH = YES;
				SDKROOT = macosx;
			};
			name = Debug;
		};
		EB4AE9042038649500A4F82A /* Release */ = {
			isa = XCBuildConfiguration;
			buildSettings = {
				ALWAYS_SEARCH_USER_PATHS = NO;
				CLANG_ANALYZER_NONNULL = YES;
				CLANG_ANALYZER_NUMBER_OBJECT_CONVERSION = YES_AGGRESSIVE;
				CLANG_CXX_LANGUAGE_STANDARD = "gnu++14";
				CLANG_CXX_LIBRARY = "libc++";
				CLANG_ENABLE_MODULES = YES;
				CLANG_ENABLE_OBJC_ARC = YES;
				CLANG_WARN_BLOCK_CAPTURE_AUTORELEASING = YES;
				CLANG_WARN_BOOL_CONVERSION = YES;
				CLANG_WARN_COMMA = YES;
				CLANG_WARN_CONSTANT_CONVERSION = YES;
				CLANG_WARN_DEPRECATED_OBJC_IMPLEMENTATIONS = YES;
				CLANG_WARN_DIRECT_OBJC_ISA_USAGE = YES_ERROR;
				CLANG_WARN_DOCUMENTATION_COMMENTS = YES;
				CLANG_WARN_EMPTY_BODY = YES;
				CLANG_WARN_ENUM_CONVERSION = YES;
				CLANG_WARN_INFINITE_RECURSION = YES;
				CLANG_WARN_INT_CONVERSION = YES;
				CLANG_WARN_NON_LITERAL_NULL_CONVERSION = YES;
				CLANG_WARN_OBJC_IMPLICIT_RETAIN_SELF = YES;
				CLANG_WARN_OBJC_LITERAL_CONVERSION = YES;
				CLANG_WARN_OBJC_ROOT_CLASS = YES_ERROR;
				CLANG_WARN_RANGE_LOOP_ANALYSIS = YES;
				CLANG_WARN_STRICT_PROTOTYPES = YES;
				CLANG_WARN_SUSPICIOUS_MOVE = YES;
				CLANG_WARN_UNGUARDED_AVAILABILITY = YES_AGGRESSIVE;
				CLANG_WARN_UNREACHABLE_CODE = YES;
				CLANG_WARN__DUPLICATE_METHOD_MATCH = YES;
				CODE_SIGN_IDENTITY = "-";
				COPY_PHASE_STRIP = NO;
				DEBUG_INFORMATION_FORMAT = "dwarf-with-dsym";
				ENABLE_NS_ASSERTIONS = NO;
				ENABLE_STRICT_OBJC_MSGSEND = YES;
				FRAMEWORK_SEARCH_PATHS = "";
				GCC_C_LANGUAGE_STANDARD = gnu11;
				GCC_NO_COMMON_BLOCKS = YES;
				GCC_WARN_64_TO_32_BIT_CONVERSION = YES;
				GCC_WARN_ABOUT_RETURN_TYPE = YES_ERROR;
				GCC_WARN_UNDECLARED_SELECTOR = YES;
				GCC_WARN_UNINITIALIZED_AUTOS = YES_AGGRESSIVE;
				GCC_WARN_UNUSED_FUNCTION = YES;
				GCC_WARN_UNUSED_VARIABLE = YES;
				HEADER_SEARCH_PATHS = (
					"/usr/local/include/**",
					"/opt/local/include/**",
				);
				LIBRARY_SEARCH_PATHS = /usr/local/lib;
				MACOSX_DEPLOYMENT_TARGET = 10.13;
				MTL_ENABLE_DEBUG_INFO = NO;
				SDKROOT = macosx;
			};
			name = Release;
		};
		EB4AE9062038649500A4F82A /* Debug */ = {
			isa = XCBuildConfiguration;
			buildSettings = {
				CODE_SIGN_STYLE = Automatic;
				HEADER_SEARCH_PATHS = (
					"/usr/local/include/**",
					"$(SDKROOT)/usr/include/libxml2",
				);
				LIBRARY_SEARCH_PATHS = (
					"$(inherited)",
					"$(PROJECT_DIR)",
				);
				PRODUCT_NAME = "$(TARGET_NAME)";
				USE_HEADERMAP = YES;
			};
			name = Debug;
		};
		EB4AE9072038649500A4F82A /* Release */ = {
			isa = XCBuildConfiguration;
			buildSettings = {
				CODE_SIGN_STYLE = Automatic;
				HEADER_SEARCH_PATHS = (
					"/usr/local/include/**",
					"$(SDKROOT)/usr/include/libxml2",
				);
				LIBRARY_SEARCH_PATHS = (
					"$(inherited)",
					"$(PROJECT_DIR)",
				);
				PRODUCT_NAME = "$(TARGET_NAME)";
				USE_HEADERMAP = YES;
			};
			name = Release;
		};
/* End XCBuildConfiguration section */

/* Begin XCConfigurationList section */
		EB4AE8F92038649500A4F82A /* Build configuration list for PBXProject "cocoa-webkit" */ = {
			isa = XCConfigurationList;
			buildConfigurations = (
				EB4AE9032038649500A4F82A /* Debug */,
				EB4AE9042038649500A4F82A /* Release */,
			);
			defaultConfigurationIsVisible = 0;
			defaultConfigurationName = Release;
		};
		EB4AE9052038649500A4F82A /* Build configuration list for PBXNativeTarget "cocoa-webkit" */ = {
			isa = XCConfigurationList;
			buildConfigurations = (
				EB4AE9062038649500A4F82A /* Debug */,
				EB4AE9072038649500A4F82A /* Release */,
			);
			defaultConfigurationIsVisible = 0;
			defaultConfigurationName = Release;
		};
/* End XCConfigurationList section */
	};
	rootObject = EB4AE8F62038649500A4F82A /* Project object */;
}
